
Microsoft Visual Studio Solution File, Format Version 12.00
# Visual Studio Version 16
VisualStudioVersion = 16.0.31321.278
MinimumVisualStudioVersion = 10.0.40219.1
Project("{FAE04EC0-301F-11D3-BF4B-00C04F79EFBC}") = "MyShop.Core", "MyShop.Core\MyShop.Core.csproj", "{D55BEF9F-9D1E-4CDF-98DE-E7410CA47413}"
EndProject
Project("{FAE04EC0-301F-11D3-BF4B-00C04F79EFBC}") = "MyShop.Services", "MyShop.Services\MyShop.Services.csproj", "{62FB3450-13C0-478B-A39B-42072B9A9B03}"
EndProject
Project("{FAE04EC0-301F-11D3-BF4B-00C04F79EFBC}") = "MyShop.DataAccess.SQL", "MyShop.DataAccess.SQL\MyShop.DataAccess.SQL.csproj", "{D2872EFB-1520-47AD-8604-D4612BD994B1}"
EndProject
Project("{FAE04EC0-301F-11D3-BF4B-00C04F79EFBC}") = "MyShop.DataAccess.InMemory", "MyShop.DataAccess.InMemory\MyShop.DataAccess.InMemory.csproj", "{50E27165-C3ED-41EE-90B4-0CBEA4F22F9B}"
EndProject
Project("{FAE04EC0-301F-11D3-BF4B-00C04F79EFBC}") = "MyShop.WebUI", "MyShop.WebUI\MyShop.WebUI.csproj", "{C998D5A1-68D2-413C-A7B4-19C302AD152A}"
EndProject
Project("{FAE04EC0-301F-11D3-BF4B-00C04F79EFBC}") = "MyShop.WebUI.Tests", "MyShop.WebUI.Tests\MyShop.WebUI.Tests.csproj", "{0993CDC1-CAD7-4DE7-B466-C46ED0FD1933}"
EndProject
Global
	GlobalSection(SolutionConfigurationPlatforms) = preSolution
		Debug|Any CPU = Debug|Any CPU
		Release|Any CPU = Release|Any CPU
	EndGlobalSection
	GlobalSection(ProjectConfigurationPlatforms) = postSolution
		{D55BEF9F-9D1E-4CDF-98DE-E7410CA47413}.Debug|Any CPU.ActiveCfg = Debug|Any CPU
		{D55BEF9F-9D1E-4CDF-98DE-E7410CA47413}.Debug|Any CPU.Build.0 = Debug|Any CPU
		{D55BEF9F-9D1E-4CDF-98DE-E7410CA47413}.Release|Any CPU.ActiveCfg = Release|Any CPU
		{D55BEF9F-9D1E-4CDF-98DE-E7410CA47413}.Release|Any CPU.Build.0 = Release|Any CPU
		{62FB3450-13C0-478B-A39B-42072B9A9B03}.Debug|Any CPU.ActiveCfg = Debug|Any CPU
		{62FB3450-13C0-478B-A39B-42072B9A9B03}.Debug|Any CPU.Build.0 = Debug|Any CPU
		{62FB3450-13C0-478B-A39B-42072B9A9B03}.Release|Any CPU.ActiveCfg = Release|Any CPU
		{62FB3450-13C0-478B-A39B-42072B9A9B03}.Release|Any CPU.Build.0 = Release|Any CPU
		{D2872EFB-1520-47AD-8604-D4612BD994B1}.Debug|Any CPU.ActiveCfg = Debug|Any CPU
		{D2872EFB-1520-47AD-8604-D4612BD994B1}.Debug|Any CPU.Build.0 = Debug|Any CPU
		{D2872EFB-1520-47AD-8604-D4612BD994B1}.Release|Any CPU.ActiveCfg = Release|Any CPU
		{D2872EFB-1520-47AD-8604-D4612BD994B1}.Release|Any CPU.Build.0 = Release|Any CPU
		{50E27165-C3ED-41EE-90B4-0CBEA4F22F9B}.Debug|Any CPU.ActiveCfg = Debug|Any CPU
		{50E27165-C3ED-41EE-90B4-0CBEA4F22F9B}.Debug|Any CPU.Build.0 = Debug|Any CPU
		{50E27165-C3ED-41EE-90B4-0CBEA4F22F9B}.Release|Any CPU.ActiveCfg = Release|Any CPU
		{50E27165-C3ED-41EE-90B4-0CBEA4F22F9B}.Release|Any CPU.Build.0 = Release|Any CPU
		{C998D5A1-68D2-413C-A7B4-19C302AD152A}.Debug|Any CPU.ActiveCfg = Debug|Any CPU
		{C998D5A1-68D2-413C-A7B4-19C302AD152A}.Debug|Any CPU.Build.0 = Debug|Any CPU
		{C998D5A1-68D2-413C-A7B4-19C302AD152A}.Release|Any CPU.ActiveCfg = Release|Any CPU
		{C998D5A1-68D2-413C-A7B4-19C302AD152A}.Release|Any CPU.Build.0 = Release|Any CPU
		{0993CDC1-CAD7-4DE7-B466-C46ED0FD1933}.Debug|Any CPU.ActiveCfg = Debug|Any CPU
		{0993CDC1-CAD7-4DE7-B466-C46ED0FD1933}.Debug|Any CPU.Build.0 = Debug|Any CPU
		{0993CDC1-CAD7-4DE7-B466-C46ED0FD1933}.Release|Any CPU.ActiveCfg = Release|Any CPU
		{0993CDC1-CAD7-4DE7-B466-C46ED0FD1933}.Release|Any CPU.Build.0 = Release|Any CPU
	EndGlobalSection
	GlobalSection(SolutionProperties) = preSolution
		HideSolutionNode = FALSE
	EndGlobalSection
	GlobalSection(ExtensibilityGlobals) = postSolution
		SolutionGuid = {EFD5F62E-06FC-4F64-AE71-04C68187A829}
	EndGlobalSection
EndGlobal
